// !$*UTF8*$!
{
	archiveVersion = 1;
	classes = {
	};
	objectVersion = 50;
	objects = {

/* Begin PBXBuildFile section */
		BFDC058025E38C6100341099 /* AppDelegate.swift in Sources */ = {isa = PBXBuildFile; fileRef = BFDC057F25E38C6100341099 /* AppDelegate.swift */; };
		BFDC058225E38C6100341099 /* SceneDelegate.swift in Sources */ = {isa = PBXBuildFile; fileRef = BFDC058125E38C6100341099 /* SceneDelegate.swift */; };
		BFDC058425E38C6100341099 /* ContentView.swift in Sources */ = {isa = PBXBuildFile; fileRef = BFDC058325E38C6100341099 /* ContentView.swift */; };
		BFDC058725E38C6100341099 /* ToDo_apps.xcdatamodeld in Sources */ = {isa = PBXBuildFile; fileRef = BFDC058525E38C6100341099 /* ToDo_apps.xcdatamodeld */; };
		BFDC058925E38C6200341099 /* Assets.xcassets in Resources */ = {isa = PBXBuildFile; fileRef = BFDC058825E38C6200341099 /* Assets.xcassets */; };
		BFDC058C25E38C6200341099 /* Preview Assets.xcassets in Resources */ = {isa = PBXBuildFile; fileRef = BFDC058B25E38C6200341099 /* Preview Assets.xcassets */; };
		BFDC058F25E38C6200341099 /* LaunchScreen.storyboard in Resources */ = {isa = PBXBuildFile; fileRef = BFDC058D25E38C6200341099 /* LaunchScreen.storyboard */; };
		BFDC059A25E38C6200341099 /* ToDo_appsTests.swift in Sources */ = {isa = PBXBuildFile; fileRef = BFDC059925E38C6200341099 /* ToDo_appsTests.swift */; };
		BFDC05A525E38C6200341099 /* ToDo_appsUITests.swift in Sources */ = {isa = PBXBuildFile; fileRef = BFDC05A425E38C6200341099 /* ToDo_appsUITests.swift */; };
/* End PBXBuildFile section */

/* Begin PBXContainerItemProxy section */
		BFDC059625E38C6200341099 /* PBXContainerItemProxy */ = {
			isa = PBXContainerItemProxy;
			containerPortal = BFDC057425E38C6100341099 /* Project object */;
			proxyType = 1;
			remoteGlobalIDString = BFDC057B25E38C6100341099;
			remoteInfo = "ToDo apps";
		};
		BFDC05A125E38C6200341099 /* PBXContainerItemProxy */ = {
			isa = PBXContainerItemProxy;
			containerPortal = BFDC057425E38C6100341099 /* Project object */;
			proxyType = 1;
			remoteGlobalIDString = BFDC057B25E38C6100341099;
			remoteInfo = "ToDo apps";
		};
/* End PBXContainerItemProxy section */

/* Begin PBXFileReference section */
		BFDC057C25E38C6100341099 /* ToDo apps.app */ = {isa = PBXFileReference; explicitFileType = wrapper.application; includeInIndex = 0; path = "ToDo apps.app"; sourceTree = BUILT_PRODUCTS_DIR; };
		BFDC057F25E38C6100341099 /* AppDelegate.swift */ = {isa = PBXFileReference; lastKnownFileType = sourcecode.swift; path = AppDelegate.swift; sourceTree = "<group>"; };
		BFDC058125E38C6100341099 /* SceneDelegate.swift */ = {isa = PBXFileReference; lastKnownFileType = sourcecode.swift; path = SceneDelegate.swift; sourceTree = "<group>"; };
		BFDC058325E38C6100341099 /* ContentView.swift */ = {isa = PBXFileReference; lastKnownFileType = sourcecode.swift; path = ContentView.swift; sourceTree = "<group>"; };
		BFDC058625E38C6100341099 /* ToDo_apps.xcdatamodel */ = {isa = PBXFileReference; lastKnownFileType = wrapper.xcdatamodel; path = ToDo_apps.xcdatamodel; sourceTree = "<group>"; };
		BFDC058825E38C6200341099 /* Assets.xcassets */ = {isa = PBXFileReference; lastKnownFileType = folder.assetcatalog; path = Assets.xcassets; sourceTree = "<group>"; };
		BFDC058B25E38C6200341099 /* Preview Assets.xcassets */ = {isa = PBXFileReference; lastKnownFileType = folder.assetcatalog; path = "Preview Assets.xcassets"; sourceTree = "<group>"; };
		BFDC058E25E38C6200341099 /* Base */ = {isa = PBXFileReference; lastKnownFileType = file.storyboard; name = Base; path = Base.lproj/LaunchScreen.storyboard; sourceTree = "<group>"; };
		BFDC059025E38C6200341099 /* Info.plist */ = {isa = PBXFileReference; lastKnownFileType = text.plist.xml; path = Info.plist; sourceTree = "<group>"; };
		BFDC059525E38C6200341099 /* ToDo appsTests.xctest */ = {isa = PBXFileReference; explicitFileType = wrapper.cfbundle; includeInIndex = 0; path = "ToDo appsTests.xctest"; sourceTree = BUILT_PRODUCTS_DIR; };
		BFDC059925E38C6200341099 /* ToDo_appsTests.swift */ = {isa = PBXFileReference; lastKnownFileType = sourcecode.swift; path = ToDo_appsTests.swift; sourceTree = "<group>"; };
		BFDC059B25E38C6200341099 /* Info.plist */ = {isa = PBXFileReference; lastKnownFileType = text.plist.xml; path = Info.plist; sourceTree = "<group>"; };
		BFDC05A025E38C6200341099 /* ToDo appsUITests.xctest */ = {isa = PBXFileReference; explicitFileType = wrapper.cfbundle; includeInIndex = 0; path = "ToDo appsUITests.xctest"; sourceTree = BUILT_PRODUCTS_DIR; };
		BFDC05A425E38C6200341099 /* ToDo_appsUITests.swift */ = {isa = PBXFileReference; lastKnownFileType = sourcecode.swift; path = ToDo_appsUITests.swift; sourceTree = "<group>"; };
		BFDC05A625E38C6200341099 /* Info.plist */ = {isa = PBXFileReference; lastKnownFileType = text.plist.xml; path = Info.plist; sourceTree = "<group>"; };
/* End PBXFileReference section */

/* Begin PBXFrameworksBuildPhase section */
		BFDC057925E38C6100341099 /* Frameworks */ = {
			isa = PBXFrameworksBuildPhase;
			buildActionMask = 2147483647;
			files = (
			);
			runOnlyForDeploymentPostprocessing = 0;
		};
		BFDC059225E38C6200341099 /* Frameworks */ = {
			isa = PBXFrameworksBuildPhase;
			buildActionMask = 2147483647;
			files = (
			);
			runOnlyForDeploymentPostprocessing = 0;
		};
		BFDC059D25E38C6200341099 /* Frameworks */ = {
			isa = PBXFrameworksBuildPhase;
			buildActionMask = 2147483647;
			files = (
			);
			runOnlyForDeploymentPostprocessing = 0;
		};
/* End PBXFrameworksBuildPhase section */

/* Begin PBXGroup section */
		BFDC057325E38C6100341099 = {
			isa = PBXGroup;
			children = (
				BFDC057E25E38C6100341099 /* ToDo apps */,
				BFDC059825E38C6200341099 /* ToDo appsTests */,
				BFDC05A325E38C6200341099 /* ToDo appsUITests */,
				BFDC057D25E38C6100341099 /* Products */,
			);
			sourceTree = "<group>";
		};
		BFDC057D25E38C6100341099 /* Products */ = {
			isa = PBXGroup;
			children = (
				BFDC057C25E38C6100341099 /* ToDo apps.app */,
				BFDC059525E38C6200341099 /* ToDo appsTests.xctest */,
				BFDC05A025E38C6200341099 /* ToDo appsUITests.xctest */,
			);
			name = Products;
			sourceTree = "<group>";
		};
		BFDC057E25E38C6100341099 /* ToDo apps */ = {
			isa = PBXGroup;
			children = (
				BFDC057F25E38C6100341099 /* AppDelegate.swift */,
				BFDC058125E38C6100341099 /* SceneDelegate.swift */,
				BFDC058325E38C6100341099 /* ContentView.swift */,
				BFDC058825E38C6200341099 /* Assets.xcassets */,
				BFDC058D25E38C6200341099 /* LaunchScreen.storyboard */,
				BFDC059025E38C6200341099 /* Info.plist */,
				BFDC058525E38C6100341099 /* ToDo_apps.xcdatamodeld */,
				BFDC058A25E38C6200341099 /* Preview Content */,
			);
			path = "ToDo apps";
			sourceTree = "<group>";
		};
		BFDC058A25E38C6200341099 /* Preview Content */ = {
			isa = PBXGroup;
			children = (
				BFDC058B25E38C6200341099 /* Preview Assets.xcassets */,
			);
			path = "Preview Content";
			sourceTree = "<group>";
		};
		BFDC059825E38C6200341099 /* ToDo appsTests */ = {
			isa = PBXGroup;
			children = (
				BFDC059925E38C6200341099 /* ToDo_appsTests.swift */,
				BFDC059B25E38C6200341099 /* Info.plist */,
			);
			path = "ToDo appsTests";
			sourceTree = "<group>";
		};
		BFDC05A325E38C6200341099 /* ToDo appsUITests */ = {
			isa = PBXGroup;
			children = (
				BFDC05A425E38C6200341099 /* ToDo_appsUITests.swift */,
				BFDC05A625E38C6200341099 /* Info.plist */,
			);
			path = "ToDo appsUITests";
			sourceTree = "<group>";
		};
/* End PBXGroup section */

/* Begin PBXNativeTarget section */
		BFDC057B25E38C6100341099 /* ToDo apps */ = {
			isa = PBXNativeTarget;
			buildConfigurationList = BFDC05A925E38C6200341099 /* Build configuration list for PBXNativeTarget "ToDo apps" */;
			buildPhases = (
				BFDC057825E38C6100341099 /* Sources */,
				BFDC057925E38C6100341099 /* Frameworks */,
				BFDC057A25E38C6100341099 /* Resources */,
			);
			buildRules = (
			);
			dependencies = (
			);
			name = "ToDo apps";
			productName = "ToDo apps";
			productReference = BFDC057C25E38C6100341099 /* ToDo apps.app */;
			productType = "com.apple.product-type.application";
		};
		BFDC059425E38C6200341099 /* ToDo appsTests */ = {
			isa = PBXNativeTarget;
			buildConfigurationList = BFDC05AC25E38C6200341099 /* Build configuration list for PBXNativeTarget "ToDo appsTests" */;
			buildPhases = (
				BFDC059125E38C6200341099 /* Sources */,
				BFDC059225E38C6200341099 /* Frameworks */,
				BFDC059325E38C6200341099 /* Resources */,
			);
			buildRules = (
			);
			dependencies = (
				BFDC059725E38C6200341099 /* PBXTargetDependency */,
			);
			name = "ToDo appsTests";
			productName = "ToDo appsTests";
			productReference = BFDC059525E38C6200341099 /* ToDo appsTests.xctest */;
			productType = "com.apple.product-type.bundle.unit-test";
		};
		BFDC059F25E38C6200341099 /* ToDo appsUITests */ = {
			isa = PBXNativeTarget;
			buildConfigurationList = BFDC05AF25E38C6200341099 /* Build configuration list for PBXNativeTarget "ToDo appsUITests" */;
			buildPhases = (
				BFDC059C25E38C6200341099 /* Sources */,
				BFDC059D25E38C6200341099 /* Frameworks */,
				BFDC059E25E38C6200341099 /* Resources */,
			);
			buildRules = (
			);
			dependencies = (
				BFDC05A225E38C6200341099 /* PBXTargetDependency */,
			);
			name = "ToDo appsUITests";
			productName = "ToDo appsUITests";
			productReference = BFDC05A025E38C6200341099 /* ToDo appsUITests.xctest */;
			productType = "com.apple.product-type.bundle.ui-testing";
		};
/* End PBXNativeTarget section */

/* Begin PBXProject section */
		BFDC057425E38C6100341099 /* Project object */ = {
			isa = PBXProject;
			attributes = {
				LastSwiftUpdateCheck = 1240;
				LastUpgradeCheck = 1240;
				TargetAttributes = {
					BFDC057B25E38C6100341099 = {
						CreatedOnToolsVersion = 12.4;
					};
					BFDC059425E38C6200341099 = {
						CreatedOnToolsVersion = 12.4;
						TestTargetID = BFDC057B25E38C6100341099;
					};
					BFDC059F25E38C6200341099 = {
						CreatedOnToolsVersion = 12.4;
						TestTargetID = BFDC057B25E38C6100341099;
					};
				};
			};
			buildConfigurationList = BFDC057725E38C6100341099 /* Build configuration list for PBXProject "ToDo apps" */;
			compatibilityVersion = "Xcode 9.3";
			developmentRegion = en;
			hasScannedForEncodings = 0;
			knownRegions = (
				en,
				Base,
			);
			mainGroup = BFDC057325E38C6100341099;
			productRefGroup = BFDC057D25E38C6100341099 /* Products */;
			projectDirPath = "";
			projectRoot = "";
			targets = (
				BFDC057B25E38C6100341099 /* ToDo apps */,
				BFDC059425E38C6200341099 /* ToDo appsTests */,
				BFDC059F25E38C6200341099 /* ToDo appsUITests */,
			);
		};
/* End PBXProject section */

/* Begin PBXResourcesBuildPhase section */
		BFDC057A25E38C6100341099 /* Resources */ = {
			isa = PBXResourcesBuildPhase;
			buildActionMask = 2147483647;
			files = (
				BFDC058F25E38C6200341099 /* LaunchScreen.storyboard in Resources */,
				BFDC058C25E38C6200341099 /* Preview Assets.xcassets in Resources */,
				BFDC058925E38C6200341099 /* Assets.xcassets in Resources */,
			);
			runOnlyForDeploymentPostprocessing = 0;
		};
		BFDC059325E38C6200341099 /* Resources */ = {
			isa = PBXResourcesBuildPhase;
			buildActionMask = 2147483647;
			files = (
			);
			runOnlyForDeploymentPostprocessing = 0;
		};
		BFDC059E25E38C6200341099 /* Resources */ = {
			isa = PBXResourcesBuildPhase;
			buildActionMask = 2147483647;
			files = (
			);
			runOnlyForDeploymentPostprocessing = 0;
		};
/* End PBXResourcesBuildPhase section */

/* Begin PBXSourcesBuildPhase section */
		BFDC057825E38C6100341099 /* Sources */ = {
			isa = PBXSourcesBuildPhase;
			buildActionMask = 2147483647;
			files = (
				BFDC058025E38C6100341099 /* AppDelegate.swift in Sources */,
				BFDC058225E38C6100341099 /* SceneDelegate.swift in Sources */,
				BFDC058425E38C6100341099 /* ContentView.swift in Sources */,
				BFDC058725E38C6100341099 /* ToDo_apps.xcdatamodeld in Sources */,
			);
			runOnlyForDeploymentPostprocessing = 0;
		};
		BFDC059125E38C6200341099 /* Sources */ = {
			isa = PBXSourcesBuildPhase;
			buildActionMask = 2147483647;
			files = (
				BFDC059A25E38C6200341099 /* ToDo_appsTests.swift in Sources */,
			);
			runOnlyForDeploymentPostprocessing = 0;
		};
		BFDC059C25E38C6200341099 /* Sources */ = {
			isa = PBXSourcesBuildPhase;
			buildActionMask = 2147483647;
			files = (
				BFDC05A525E38C6200341099 /* ToDo_appsUITests.swift in Sources */,
			);
			runOnlyForDeploymentPostprocessing = 0;
		};
/* End PBXSourcesBuildPhase section */

/* Begin PBXTargetDependency section */
		BFDC059725E38C6200341099 /* PBXTargetDependency */ = {
			isa = PBXTargetDependency;
			target = BFDC057B25E38C6100341099 /* ToDo apps */;
			targetProxy = BFDC059625E38C6200341099 /* PBXContainerItemProxy */;
		};
		BFDC05A225E38C6200341099 /* PBXTargetDependency */ = {
			isa = PBXTargetDependency;
			target = BFDC057B25E38C6100341099 /* ToDo apps */;
			targetProxy = BFDC05A125E38C6200341099 /* PBXContainerItemProxy */;
		};
/* End PBXTargetDependency section */

/* Begin PBXVariantGroup section */
		BFDC058D25E38C6200341099 /* LaunchScreen.storyboard */ = {
			isa = PBXVariantGroup;
			children = (
				BFDC058E25E38C6200341099 /* Base */,
			);
			name = LaunchScreen.storyboard;
			sourceTree = "<group>";
		};
/* End PBXVariantGroup section */

/* Begin XCBuildConfiguration section */
		BFDC05A725E38C6200341099 /* Debug */ = {
			isa = XCBuildConfiguration;
			buildSettings = {
				ALWAYS_SEARCH_USER_PATHS = NO;
				CLANG_ANALYZER_NONNULL = YES;
				CLANG_ANALYZER_NUMBER_OBJECT_CONVERSION = YES_AGGRESSIVE;
				CLANG_CXX_LANGUAGE_STANDARD = "gnu++14";
				CLANG_CXX_LIBRARY = "libc++";
				CLANG_ENABLE_MODULES = YES;
				CLANG_ENABLE_OBJC_ARC = YES;
				CLANG_ENABLE_OBJC_WEAK = YES;
				CLANG_WARN_BLOCK_CAPTURE_AUTORELEASING = YES;
				CLANG_WARN_BOOL_CONVERSION = YES;
				CLANG_WARN_COMMA = YES;
				CLANG_WARN_CONSTANT_CONVERSION = YES;
				CLANG_WARN_DEPRECATED_OBJC_IMPLEMENTATIONS = YES;
				CLANG_WARN_DIRECT_OBJC_ISA_USAGE = YES_ERROR;
				CLANG_WARN_DOCUMENTATION_COMMENTS = YES;
				CLANG_WARN_EMPTY_BODY = YES;
				CLANG_WARN_ENUM_CONVERSION = YES;
				CLANG_WARN_INFINITE_RECURSION = YES;
				CLANG_WARN_INT_CONVERSION = YES;
				CLANG_WARN_NON_LITERAL_NULL_CONVERSION = YES;
				CLANG_WARN_OBJC_IMPLICIT_RETAIN_SELF = YES;
				CLANG_WARN_OBJC_LITERAL_CONVERSION = YES;
				CLANG_WARN_OBJC_ROOT_CLASS = YES_ERROR;
				CLANG_WARN_QUOTED_INCLUDE_IN_FRAMEWORK_HEADER = YES;
				CLANG_WARN_RANGE_LOOP_ANALYSIS = YES;
				CLANG_WARN_STRICT_PROTOTYPES = YES;
				CLANG_WARN_SUSPICIOUS_MOVE = YES;
				CLANG_WARN_UNGUARDED_AVAILABILITY = YES_AGGRESSIVE;
				CLANG_WARN_UNREACHABLE_CODE = YES;
				CLANG_WARN__DUPLICATE_METHOD_MATCH = YES;
				COPY_PHASE_STRIP = NO;
				DEBUG_INFORMATION_FORMAT = dwarf;
				ENABLE_STRICT_OBJC_MSGSEND = YES;
				ENABLE_TESTABILITY = YES;
				GCC_C_LANGUAGE_STANDARD = gnu11;
				GCC_DYNAMIC_NO_PIC = NO;
				GCC_NO_COMMON_BLOCKS = YES;
				GCC_OPTIMIZATION_LEVEL = 0;
				GCC_PREPROCESSOR_DEFINITIONS = (
					"DEBUG=1",
					"$(inherited)",
				);
				GCC_WARN_64_TO_32_BIT_CONVERSION = YES;
				GCC_WARN_ABOUT_RETURN_TYPE = YES_ERROR;
				GCC_WARN_UNDECLARED_SELECTOR = YES;
				GCC_WARN_UNINITIALIZED_AUTOS = YES_AGGRESSIVE;
				GCC_WARN_UNUSED_FUNCTION = YES;
				GCC_WARN_UNUSED_VARIABLE = YES;
				IPHONEOS_DEPLOYMENT_TARGET = 14.4;
				MTL_ENABLE_DEBUG_INFO = INCLUDE_SOURCE;
				MTL_FAST_MATH = YES;
				ONLY_ACTIVE_ARCH = YES;
				SDKROOT = iphoneos;
				SWIFT_ACTIVE_COMPILATION_CONDITIONS = DEBUG;
				SWIFT_OPTIMIZATION_LEVEL = "-Onone";
			};
			name = Debug;
		};
		BFDC05A825E38C6200341099 /* Release */ = {
			isa = XCBuildConfiguration;
			buildSettings = {
				ALWAYS_SEARCH_USER_PATHS = NO;
				CLANG_ANALYZER_NONNULL = YES;
				CLANG_ANALYZER_NUMBER_OBJECT_CONVERSION = YES_AGGRESSIVE;
				CLANG_CXX_LANGUAGE_STANDARD = "gnu++14";
				CLANG_CXX_LIBRARY = "libc++";
				CLANG_ENABLE_MODULES = YES;
				CLANG_ENABLE_OBJC_ARC = YES;
				CLANG_ENABLE_OBJC_WEAK = YES;
				CLANG_WARN_BLOCK_CAPTURE_AUTORELEASING = YES;
				CLANG_WARN_BOOL_CONVERSION = YES;
				CLANG_WARN_COMMA = YES;
				CLANG_WARN_CONSTANT_CONVERSION = YES;
				CLANG_WARN_DEPRECATED_OBJC_IMPLEMENTATIONS = YES;
				CLANG_WARN_DIRECT_OBJC_ISA_USAGE = YES_ERROR;
				CLANG_WARN_DOCUMENTATION_COMMENTS = YES;
				CLANG_WARN_EMPTY_BODY = YES;
				CLANG_WARN_ENUM_CONVERSION = YES;
				CLANG_WARN_INFINITE_RECURSION = YES;
				CLANG_WARN_INT_CONVERSION = YES;
				CLANG_WARN_NON_LITERAL_NULL_CONVERSION = YES;
				CLANG_WARN_OBJC_IMPLICIT_RETAIN_SELF = YES;
				CLANG_WARN_OBJC_LITERAL_CONVERSION = YES;
				CLANG_WARN_OBJC_ROOT_CLASS = YES_ERROR;
				CLANG_WARN_QUOTED_INCLUDE_IN_FRAMEWORK_HEADER = YES;
				CLANG_WARN_RANGE_LOOP_ANALYSIS = YES;
				CLANG_WARN_STRICT_PROTOTYPES = YES;
				CLANG_WARN_SUSPICIOUS_MOVE = YES;
				CLANG_WARN_UNGUARDED_AVAILABILITY = YES_AGGRESSIVE;
				CLANG_WARN_UNREACHABLE_CODE = YES;
				CLANG_WARN__DUPLICATE_METHOD_MATCH = YES;
				COPY_PHASE_STRIP = NO;
				DEBUG_INFORMATION_FORMAT = "dwarf-with-dsym";
				ENABLE_NS_ASSERTIONS = NO;
				ENABLE_STRICT_OBJC_MSGSEND = YES;
				GCC_C_LANGUAGE_STANDARD = gnu11;
				GCC_NO_COMMON_BLOCKS = YES;
				GCC_WARN_64_TO_32_BIT_CONVERSION = YES;
				GCC_WARN_ABOUT_RETURN_TYPE = YES_ERROR;
				GCC_WARN_UNDECLARED_SELECTOR = YES;
				GCC_WARN_UNINITIALIZED_AUTOS = YES_AGGRESSIVE;
				GCC_WARN_UNUSED_FUNCTION = YES;
				GCC_WARN_UNUSED_VARIABLE = YES;
				IPHONEOS_DEPLOYMENT_TARGET = 14.4;
				MTL_ENABLE_DEBUG_INFO = NO;
				MTL_FAST_MATH = YES;
				SDKROOT = iphoneos;
				SWIFT_COMPILATION_MODE = wholemodule;
				SWIFT_OPTIMIZATION_LEVEL = "-O";
				VALIDATE_PRODUCT = YES;
			};
			name = Release;
		};
		BFDC05AA25E38C6200341099 /* Debug */ = {
			isa = XCBuildConfiguration;
			buildSettings = {
				ASSETCATALOG_COMPILER_APPICON_NAME = AppIcon;
				ASSETCATALOG_COMPILER_GLOBAL_ACCENT_COLOR_NAME = AccentColor;
				CODE_SIGN_STYLE = Automatic;
				DEVELOPMENT_ASSET_PATHS = "\"ToDo apps/Preview Content\"";
				ENABLE_PREVIEWS = YES;
				INFOPLIST_FILE = "ToDo apps/Info.plist";
				LD_RUNPATH_SEARCH_PATHS = (
					"$(inherited)",
					"@executable_path/Frameworks",
				);
				PRODUCT_BUNDLE_IDENTIFIER = "Ntaps.ToDo-apps";
				PRODUCT_NAME = "$(TARGET_NAME)";
				SWIFT_VERSION = 5.0;
				TARGETED_DEVICE_FAMILY = "1,2";
			};
			name = Debug;
		};
		BFDC05AB25E38C6200341099 /* Release */ = {
			isa = XCBuildConfiguration;
			buildSettings = {
				ASSETCATALOG_COMPILER_APPICON_NAME = AppIcon;
				ASSETCATALOG_COMPILER_GLOBAL_ACCENT_COLOR_NAME = AccentColor;
				CODE_SIGN_STYLE = Automatic;
				DEVELOPMENT_ASSET_PATHS = "\"ToDo apps/Preview Content\"";
				ENABLE_PREVIEWS = YES;
				INFOPLIST_FILE = "ToDo apps/Info.plist";
				LD_RUNPATH_SEARCH_PATHS = (
					"$(inherited)",
					"@executable_path/Frameworks",
				);
				PRODUCT_BUNDLE_IDENTIFIER = "Ntaps.ToDo-apps";
				PRODUCT_NAME = "$(TARGET_NAME)";
				SWIFT_VERSION = 5.0;
				TARGETED_DEVICE_FAMILY = "1,2";
			};
			name = Release;
		};
		BFDC05AD25E38C6200341099 /* Debug */ = {
			isa = XCBuildConfiguration;
			buildSettings = {
				ALWAYS_EMBED_SWIFT_STANDARD_LIBRARIES = YES;
				BUNDLE_LOADER = "$(TEST_HOST)";
				CODE_SIGN_STYLE = Automatic;
				INFOPLIST_FILE = "ToDo appsTests/Info.plist";
				IPHONEOS_DEPLOYMENT_TARGET = 14.4;
				LD_RUNPATH_SEARCH_PATHS = (
					"$(inherited)",
					"@executable_path/Frameworks",
					"@loader_path/Frameworks",
				);
				PRODUCT_BUNDLE_IDENTIFIER = "Ntaps.ToDo-appsTests";
				PRODUCT_NAME = "$(TARGET_NAME)";
				SWIFT_VERSION = 5.0;
				TARGETED_DEVICE_FAMILY = "1,2";
				TEST_HOST = "$(BUILT_PRODUCTS_DIR)/ToDo apps.app/ToDo apps";
			};
			name = Debug;
		};
		BFDC05AE25E38C6200341099 /* Release */ = {
			isa = XCBuildConfiguration;
			buildSettings = {
				ALWAYS_EMBED_SWIFT_STANDARD_LIBRARIES = YES;
				BUNDLE_LOADER = "$(TEST_HOST)";
				CODE_SIGN_STYLE = Automatic;
				INFOPLIST_FILE = "ToDo appsTests/Info.plist";
				IPHONEOS_DEPLOYMENT_TARGET = 14.4;
				LD_RUNPATH_SEARCH_PATHS = (
					"$(inherited)",
					"@executable_path/Frameworks",
					"@loader_path/Frameworks",
				);
				PRODUCT_BUNDLE_IDENTIFIER = "Ntaps.ToDo-appsTests";
				PRODUCT_NAME = "$(TARGET_NAME)";
				SWIFT_VERSION = 5.0;
				TARGETED_DEVICE_FAMILY = "1,2";
				TEST_HOST = "$(BUILT_PRODUCTS_DIR)/ToDo apps.app/ToDo apps";
			};
			name = Release;
		};
		BFDC05B025E38C6200341099 /* Debug */ = {
			isa = XCBuildConfiguration;
			buildSettings = {
				ALWAYS_EMBED_SWIFT_STANDARD_LIBRARIES = YES;
				CODE_SIGN_STYLE = Automatic;
				INFOPLIST_FILE = "ToDo appsUITests/Info.plist";
				LD_RUNPATH_SEARCH_PATHS = (
					"$(inherited)",
					"@executable_path/Frameworks",
					"@loader_path/Frameworks",
				);
				PRODUCT_BUNDLE_IDENTIFIER = "Ntaps.ToDo-appsUITests";
				PRODUCT_NAME = "$(TARGET_NAME)";
				SWIFT_VERSION = 5.0;
				TARGETED_DEVICE_FAMILY = "1,2";
				TEST_TARGET_NAME = "ToDo apps";
			};
			name = Debug;
		};
		BFDC05B125E38C6200341099 /* Release */ = {
			isa = XCBuildConfiguration;
			buildSettings = {
				ALWAYS_EMBED_SWIFT_STANDARD_LIBRARIES = YES;
				CODE_SIGN_STYLE = Automatic;
				INFOPLIST_FILE = "ToDo appsUITests/Info.plist";
				LD_RUNPATH_SEARCH_PATHS = (
					"$(inherited)",
					"@executable_path/Frameworks",
					"@loader_path/Frameworks",
				);
				PRODUCT_BUNDLE_IDENTIFIER = "Ntaps.ToDo-appsUITests";
				PRODUCT_NAME = "$(TARGET_NAME)";
				SWIFT_VERSION = 5.0;
				TARGETED_DEVICE_FAMILY = "1,2";
				TEST_TARGET_NAME = "ToDo apps";
			};
			name = Release;
		};
/* End XCBuildConfiguration section */

/* Begin XCConfigurationList section */
		BFDC057725E38C6100341099 /* Build configuration list for PBXProject "ToDo apps" */ = {
			isa = XCConfigurationList;
			buildConfigurations = (
				BFDC05A725E38C6200341099 /* Debug */,
				BFDC05A825E38C6200341099 /* Release */,
			);
			defaultConfigurationIsVisible = 0;
			defaultConfigurationName = Release;
		};
		BFDC05A925E38C6200341099 /* Build configuration list for PBXNativeTarget "ToDo apps" */ = {
			isa = XCConfigurationList;
			buildConfigurations = (
				BFDC05AA25E38C6200341099 /* Debug */,
				BFDC05AB25E38C6200341099 /* Release */,
			);
			defaultConfigurationIsVisible = 0;
			defaultConfigurationName = Release;
		};
		BFDC05AC25E38C6200341099 /* Build configuration list for PBXNativeTarget "ToDo appsTests" */ = {
			isa = XCConfigurationList;
			buildConfigurations = (
				BFDC05AD25E38C6200341099 /* Debug */,
				BFDC05AE25E38C6200341099 /* Release */,
			);
			defaultConfigurationIsVisible = 0;
			defaultConfigurationName = Release;
		};
		BFDC05AF25E38C6200341099 /* Build configuration list for PBXNativeTarget "ToDo appsUITests" */ = {
			isa = XCConfigurationList;
			buildConfigurations = (
				BFDC05B025E38C6200341099 /* Debug */,
				BFDC05B125E38C6200341099 /* Release */,
			);
			defaultConfigurationIsVisible = 0;
			defaultConfigurationName = Release;
		};
/* End XCConfigurationList section */

/* Begin XCVersionGroup section */
		BFDC058525E38C6100341099 /* ToDo_apps.xcdatamodeld */ = {
			isa = XCVersionGroup;
			children = (
				BFDC058625E38C6100341099 /* ToDo_apps.xcdatamodel */,
			);
			currentVersion = BFDC058625E38C6100341099 /* ToDo_apps.xcdatamodel */;
			path = ToDo_apps.xcdatamodeld;
			sourceTree = "<group>";
			versionGroupType = wrapper.xcdatamodel;
		};
/* End XCVersionGroup section */
	};
	rootObject = BFDC057425E38C6100341099 /* Project object */;
}
